// !$*UTF8*$!
{
	archiveVersion = 1;
	classes = {
	};
	objectVersion = 56;
	objects = {

/* Begin PBXBuildFile section */
		282BB4092CC0404200433DBA /* CoreDataManager.swift in Sources */ = {isa = PBXBuildFile; fileRef = 282BB4082CC0404200433DBA /* CoreDataManager.swift */; };
		2846751B2CAC66AA008FDB0A /* CollectionMainInteractor.swift in Sources */ = {isa = PBXBuildFile; fileRef = 2846751A2CAC66AA008FDB0A /* CollectionMainInteractor.swift */; };
		2846751D2CAC66D2008FDB0A /* CollectionMainPresenter.swift in Sources */ = {isa = PBXBuildFile; fileRef = 2846751C2CAC66D2008FDB0A /* CollectionMainPresenter.swift */; };
		287F24F32CBEF17800440A90 /* DetailViewPresenter.swift in Sources */ = {isa = PBXBuildFile; fileRef = 287F24F22CBEF17800440A90 /* DetailViewPresenter.swift */; };
		287F24F52CBEF19400440A90 /* DetailViewInteractor.swift in Sources */ = {isa = PBXBuildFile; fileRef = 287F24F42CBEF19400440A90 /* DetailViewInteractor.swift */; };
		87FEDAE0418DF75925B19270 /* Pods_ControleDeGastos.framework in Frameworks */ = {isa = PBXBuildFile; fileRef = 777E42CE53FFB2B42994166B /* Pods_ControleDeGastos.framework */; };
		CF62FE1D2C93B60B00F3DEAA /* LoginPresenter.swift in Sources */ = {isa = PBXBuildFile; fileRef = CF62FE1C2C93B60B00F3DEAA /* LoginPresenter.swift */; };
		CF62FE1F2C93B6D100F3DEAA /* RegisterPresenter.swift in Sources */ = {isa = PBXBuildFile; fileRef = CF62FE1E2C93B6D100F3DEAA /* RegisterPresenter.swift */; };
		CF6BE67C2C8A89CC00A96E43 /* GoogleService-Info.plist in Resources */ = {isa = PBXBuildFile; fileRef = CF6BE67B2C8A89CC00A96E43 /* GoogleService-Info.plist */; };
		CF793D5C2C55716800872A61 /* CellCollectionView.swift in Sources */ = {isa = PBXBuildFile; fileRef = CF793D5B2C55716800872A61 /* CellCollectionView.swift */; };
		CF84A80E2C2CEC42003D69DE /* AppDelegate.swift in Sources */ = {isa = PBXBuildFile; fileRef = CF84A80D2C2CEC42003D69DE /* AppDelegate.swift */; };
		CF84A8102C2CEC42003D69DE /* SceneDelegate.swift in Sources */ = {isa = PBXBuildFile; fileRef = CF84A80F2C2CEC42003D69DE /* SceneDelegate.swift */; };
		CF84A8182C2CEC42003D69DE /* ControleDeGastos.xcdatamodeld in Sources */ = {isa = PBXBuildFile; fileRef = CF84A8162C2CEC42003D69DE /* ControleDeGastos.xcdatamodeld */; };
		CF84A81A2C2CEC43003D69DE /* Assets.xcassets in Resources */ = {isa = PBXBuildFile; fileRef = CF84A8192C2CEC43003D69DE /* Assets.xcassets */; };
		CF84A8282C2CEC43003D69DE /* ControleDeGastosTests.swift in Sources */ = {isa = PBXBuildFile; fileRef = CF84A8272C2CEC43003D69DE /* ControleDeGastosTests.swift */; };
		CF84A8322C2CEC43003D69DE /* ControleDeGastosUITests.swift in Sources */ = {isa = PBXBuildFile; fileRef = CF84A8312C2CEC43003D69DE /* ControleDeGastosUITests.swift */; };
		CF84A8342C2CEC43003D69DE /* ControleDeGastosUITestsLaunchTests.swift in Sources */ = {isa = PBXBuildFile; fileRef = CF84A8332C2CEC43003D69DE /* ControleDeGastosUITestsLaunchTests.swift */; };
		CF84A8412C2CED88003D69DE /* LoginViewController.swift in Sources */ = {isa = PBXBuildFile; fileRef = CF84A8402C2CED88003D69DE /* LoginViewController.swift */; };
		CF8D2F3A2C715F76007FDBD1 /* LoginInteractor.swift in Sources */ = {isa = PBXBuildFile; fileRef = CF8D2F392C715F76007FDBD1 /* LoginInteractor.swift */; };
		CF8D8DD32C7BBE740044CE34 /* RegisterViewController.swift in Sources */ = {isa = PBXBuildFile; fileRef = CF8D8DD22C7BBE740044CE34 /* RegisterViewController.swift */; };
		CF8D8DD52C7BBE850044CE34 /* RegisterInteractor.swift in Sources */ = {isa = PBXBuildFile; fileRef = CF8D8DD42C7BBE850044CE34 /* RegisterInteractor.swift */; };
		CF9825212C70F7AF00783930 /* DetailViewViewController.swift in Sources */ = {isa = PBXBuildFile; fileRef = CF9825202C70F7AF00783930 /* DetailViewViewController.swift */; };
		CFB4CF4D2C39CF3D00A08415 /* CollectionMainViewController.swift in Sources */ = {isa = PBXBuildFile; fileRef = CFB4CF4C2C39CF3D00A08415 /* CollectionMainViewController.swift */; };
/* End PBXBuildFile section */

/* Begin PBXContainerItemProxy section */
		CF84A8242C2CEC43003D69DE /* PBXContainerItemProxy */ = {
			isa = PBXContainerItemProxy;
			containerPortal = CF84A8022C2CEC42003D69DE /* Project object */;
			proxyType = 1;
			remoteGlobalIDString = CF84A8092C2CEC42003D69DE;
			remoteInfo = ControleDeGastos;
		};
		CF84A82E2C2CEC43003D69DE /* PBXContainerItemProxy */ = {
			isa = PBXContainerItemProxy;
			containerPortal = CF84A8022C2CEC42003D69DE /* Project object */;
			proxyType = 1;
			remoteGlobalIDString = CF84A8092C2CEC42003D69DE;
			remoteInfo = ControleDeGastos;
		};
/* End PBXContainerItemProxy section */

/* Begin PBXFileReference section */
		282BB4082CC0404200433DBA /* CoreDataManager.swift */ = {isa = PBXFileReference; lastKnownFileType = sourcecode.swift; path = CoreDataManager.swift; sourceTree = "<group>"; };
		2846751A2CAC66AA008FDB0A /* CollectionMainInteractor.swift */ = {isa = PBXFileReference; lastKnownFileType = sourcecode.swift; path = CollectionMainInteractor.swift; sourceTree = "<group>"; };
		2846751C2CAC66D2008FDB0A /* CollectionMainPresenter.swift */ = {isa = PBXFileReference; lastKnownFileType = sourcecode.swift; path = CollectionMainPresenter.swift; sourceTree = "<group>"; };
		287F24F22CBEF17800440A90 /* DetailViewPresenter.swift */ = {isa = PBXFileReference; lastKnownFileType = sourcecode.swift; path = DetailViewPresenter.swift; sourceTree = "<group>"; };
		287F24F42CBEF19400440A90 /* DetailViewInteractor.swift */ = {isa = PBXFileReference; lastKnownFileType = sourcecode.swift; path = DetailViewInteractor.swift; sourceTree = "<group>"; };
		29E355D6197D6DBC86346EB4 /* Pods-ControleDeGastos.release.xcconfig */ = {isa = PBXFileReference; includeInIndex = 1; lastKnownFileType = text.xcconfig; name = "Pods-ControleDeGastos.release.xcconfig"; path = "Target Support Files/Pods-ControleDeGastos/Pods-ControleDeGastos.release.xcconfig"; sourceTree = "<group>"; };
		72DA408D1E75D7C7A0E4FD14 /* Pods-ControleDeGastos.debug.xcconfig */ = {isa = PBXFileReference; includeInIndex = 1; lastKnownFileType = text.xcconfig; name = "Pods-ControleDeGastos.debug.xcconfig"; path = "Target Support Files/Pods-ControleDeGastos/Pods-ControleDeGastos.debug.xcconfig"; sourceTree = "<group>"; };
		777E42CE53FFB2B42994166B /* Pods_ControleDeGastos.framework */ = {isa = PBXFileReference; explicitFileType = wrapper.framework; includeInIndex = 0; path = Pods_ControleDeGastos.framework; sourceTree = BUILT_PRODUCTS_DIR; };
		CF62FE1C2C93B60B00F3DEAA /* LoginPresenter.swift */ = {isa = PBXFileReference; lastKnownFileType = sourcecode.swift; path = LoginPresenter.swift; sourceTree = "<group>"; };
		CF62FE1E2C93B6D100F3DEAA /* RegisterPresenter.swift */ = {isa = PBXFileReference; lastKnownFileType = sourcecode.swift; path = RegisterPresenter.swift; sourceTree = "<group>"; };
		CF6BE67B2C8A89CC00A96E43 /* GoogleService-Info.plist */ = {isa = PBXFileReference; fileEncoding = 4; lastKnownFileType = text.plist.xml; path = "GoogleService-Info.plist"; sourceTree = "<group>"; };
		CF793D5B2C55716800872A61 /* CellCollectionView.swift */ = {isa = PBXFileReference; lastKnownFileType = sourcecode.swift; path = CellCollectionView.swift; sourceTree = "<group>"; };
		CF84A80A2C2CEC42003D69DE /* ControleDeGastos.app */ = {isa = PBXFileReference; explicitFileType = wrapper.application; includeInIndex = 0; path = ControleDeGastos.app; sourceTree = BUILT_PRODUCTS_DIR; };
		CF84A80D2C2CEC42003D69DE /* AppDelegate.swift */ = {isa = PBXFileReference; lastKnownFileType = sourcecode.swift; path = AppDelegate.swift; sourceTree = "<group>"; };
		CF84A80F2C2CEC42003D69DE /* SceneDelegate.swift */ = {isa = PBXFileReference; lastKnownFileType = sourcecode.swift; path = SceneDelegate.swift; sourceTree = "<group>"; };
		CF84A8172C2CEC42003D69DE /* ControleDeGastos.xcdatamodel */ = {isa = PBXFileReference; lastKnownFileType = wrapper.xcdatamodel; path = ControleDeGastos.xcdatamodel; sourceTree = "<group>"; };
		CF84A8192C2CEC43003D69DE /* Assets.xcassets */ = {isa = PBXFileReference; lastKnownFileType = folder.assetcatalog; path = Assets.xcassets; sourceTree = "<group>"; };
		CF84A81E2C2CEC43003D69DE /* Info.plist */ = {isa = PBXFileReference; lastKnownFileType = text.plist.xml; path = Info.plist; sourceTree = "<group>"; };
		CF84A8232C2CEC43003D69DE /* ControleDeGastosTests.xctest */ = {isa = PBXFileReference; explicitFileType = wrapper.cfbundle; includeInIndex = 0; path = ControleDeGastosTests.xctest; sourceTree = BUILT_PRODUCTS_DIR; };
		CF84A8272C2CEC43003D69DE /* ControleDeGastosTests.swift */ = {isa = PBXFileReference; lastKnownFileType = sourcecode.swift; path = ControleDeGastosTests.swift; sourceTree = "<group>"; };
		CF84A82D2C2CEC43003D69DE /* ControleDeGastosUITests.xctest */ = {isa = PBXFileReference; explicitFileType = wrapper.cfbundle; includeInIndex = 0; path = ControleDeGastosUITests.xctest; sourceTree = BUILT_PRODUCTS_DIR; };
		CF84A8312C2CEC43003D69DE /* ControleDeGastosUITests.swift */ = {isa = PBXFileReference; lastKnownFileType = sourcecode.swift; path = ControleDeGastosUITests.swift; sourceTree = "<group>"; };
		CF84A8332C2CEC43003D69DE /* ControleDeGastosUITestsLaunchTests.swift */ = {isa = PBXFileReference; lastKnownFileType = sourcecode.swift; path = ControleDeGastosUITestsLaunchTests.swift; sourceTree = "<group>"; };
		CF84A8402C2CED88003D69DE /* LoginViewController.swift */ = {isa = PBXFileReference; lastKnownFileType = sourcecode.swift; path = LoginViewController.swift; sourceTree = "<group>"; };
		CF8D2F392C715F76007FDBD1 /* LoginInteractor.swift */ = {isa = PBXFileReference; lastKnownFileType = sourcecode.swift; path = LoginInteractor.swift; sourceTree = "<group>"; };
		CF8D8DD22C7BBE740044CE34 /* RegisterViewController.swift */ = {isa = PBXFileReference; lastKnownFileType = sourcecode.swift; path = RegisterViewController.swift; sourceTree = "<group>"; };
		CF8D8DD42C7BBE850044CE34 /* RegisterInteractor.swift */ = {isa = PBXFileReference; lastKnownFileType = sourcecode.swift; path = RegisterInteractor.swift; sourceTree = "<group>"; };
		CF9825202C70F7AF00783930 /* DetailViewViewController.swift */ = {isa = PBXFileReference; lastKnownFileType = sourcecode.swift; path = DetailViewViewController.swift; sourceTree = "<group>"; };
		CFB4CF4C2C39CF3D00A08415 /* CollectionMainViewController.swift */ = {isa = PBXFileReference; lastKnownFileType = sourcecode.swift; path = CollectionMainViewController.swift; sourceTree = "<group>"; };
/* End PBXFileReference section */

/* Begin PBXFrameworksBuildPhase section */
		CF84A8072C2CEC42003D69DE /* Frameworks */ = {
			isa = PBXFrameworksBuildPhase;
			buildActionMask = 2147483647;
			files = (
				87FEDAE0418DF75925B19270 /* Pods_ControleDeGastos.framework in Frameworks */,
			);
			runOnlyForDeploymentPostprocessing = 0;
		};
		CF84A8202C2CEC43003D69DE /* Frameworks */ = {
			isa = PBXFrameworksBuildPhase;
			buildActionMask = 2147483647;
			files = (
			);
			runOnlyForDeploymentPostprocessing = 0;
		};
		CF84A82A2C2CEC43003D69DE /* Frameworks */ = {
			isa = PBXFrameworksBuildPhase;
			buildActionMask = 2147483647;
			files = (
			);
			runOnlyForDeploymentPostprocessing = 0;
		};
/* End PBXFrameworksBuildPhase section */

/* Begin PBXGroup section */
		2846751E2CAC6765008FDB0A /* DetailView */ = {
			isa = PBXGroup;
			children = (
				CF9825202C70F7AF00783930 /* DetailViewViewController.swift */,
				287F24F42CBEF19400440A90 /* DetailViewInteractor.swift */,
				287F24F22CBEF17800440A90 /* DetailViewPresenter.swift */,
				CF793D5D2C558C6400872A61 /* CellCollection */,
			);
			path = DetailView;
			sourceTree = "<group>";
		};
		287F24F62CC038F700440A90 /* DataModel */ = {
			isa = PBXGroup;
			children = (
				CF84A8162C2CEC42003D69DE /* ControleDeGastos.xcdatamodeld */,
				282BB4082CC0404200433DBA /* CoreDataManager.swift */,
			);
			path = DataModel;
			sourceTree = "<group>";
		};
		B352C37C058D5859D5BBEACB /* Pods */ = {
			isa = PBXGroup;
			children = (
				72DA408D1E75D7C7A0E4FD14 /* Pods-ControleDeGastos.debug.xcconfig */,
				29E355D6197D6DBC86346EB4 /* Pods-ControleDeGastos.release.xcconfig */,
			);
			path = Pods;
			sourceTree = "<group>";
		};
		BA4F1B1D9ACC3C049027144F /* Frameworks */ = {
			isa = PBXGroup;
			children = (
				777E42CE53FFB2B42994166B /* Pods_ControleDeGastos.framework */,
			);
			name = Frameworks;
			sourceTree = "<group>";
		};
		CF793D5D2C558C6400872A61 /* CellCollection */ = {
			isa = PBXGroup;
			children = (
				CF793D5B2C55716800872A61 /* CellCollectionView.swift */,
			);
			path = CellCollection;
			sourceTree = "<group>";
		};
		CF84A8012C2CEC42003D69DE = {
			isa = PBXGroup;
			children = (
				CF84A80C2C2CEC42003D69DE /* ControleDeGastos */,
				CF84A8262C2CEC43003D69DE /* ControleDeGastosTests */,
				CF84A8302C2CEC43003D69DE /* ControleDeGastosUITests */,
				CF84A80B2C2CEC42003D69DE /* Products */,
				B352C37C058D5859D5BBEACB /* Pods */,
				BA4F1B1D9ACC3C049027144F /* Frameworks */,
			);
			sourceTree = "<group>";
		};
		CF84A80B2C2CEC42003D69DE /* Products */ = {
			isa = PBXGroup;
			children = (
				CF84A80A2C2CEC42003D69DE /* ControleDeGastos.app */,
				CF84A8232C2CEC43003D69DE /* ControleDeGastosTests.xctest */,
				CF84A82D2C2CEC43003D69DE /* ControleDeGastosUITests.xctest */,
			);
			name = Products;
			sourceTree = "<group>";
		};
		CF84A80C2C2CEC42003D69DE /* ControleDeGastos */ = {
			isa = PBXGroup;
			children = (
				CF84A80D2C2CEC42003D69DE /* AppDelegate.swift */,
				CF84A80F2C2CEC42003D69DE /* SceneDelegate.swift */,
				CF9825222C7143AB00783930 /* Login */,
				CF8D8DD12C7BBE1A0044CE34 /* Register */,
				CF9825232C7143E500783930 /* MainViewModel */,
				287F24F62CC038F700440A90 /* DataModel */,
				CF84A8192C2CEC43003D69DE /* Assets.xcassets */,
				CF84A81E2C2CEC43003D69DE /* Info.plist */,
				CF6BE67B2C8A89CC00A96E43 /* GoogleService-Info.plist */,
			);
			path = ControleDeGastos;
			sourceTree = "<group>";
		};
		CF84A8262C2CEC43003D69DE /* ControleDeGastosTests */ = {
			isa = PBXGroup;
			children = (
				CF84A8272C2CEC43003D69DE /* ControleDeGastosTests.swift */,
			);
			path = ControleDeGastosTests;
			sourceTree = "<group>";
		};
		CF84A8302C2CEC43003D69DE /* ControleDeGastosUITests */ = {
			isa = PBXGroup;
			children = (
				CF84A8312C2CEC43003D69DE /* ControleDeGastosUITests.swift */,
				CF84A8332C2CEC43003D69DE /* ControleDeGastosUITestsLaunchTests.swift */,
			);
			path = ControleDeGastosUITests;
			sourceTree = "<group>";
		};
		CF8D8DD12C7BBE1A0044CE34 /* Register */ = {
			isa = PBXGroup;
			children = (
				CF8D8DD22C7BBE740044CE34 /* RegisterViewController.swift */,
				CF8D8DD42C7BBE850044CE34 /* RegisterInteractor.swift */,
				CF62FE1E2C93B6D100F3DEAA /* RegisterPresenter.swift */,
			);
			path = Register;
			sourceTree = "<group>";
		};
		CF9825222C7143AB00783930 /* Login */ = {
			isa = PBXGroup;
			children = (
				CF84A8402C2CED88003D69DE /* LoginViewController.swift */,
				CF8D2F392C715F76007FDBD1 /* LoginInteractor.swift */,
				CF62FE1C2C93B60B00F3DEAA /* LoginPresenter.swift */,
			);
			path = Login;
			sourceTree = "<group>";
		};
		CF9825232C7143E500783930 /* MainViewModel */ = {
			isa = PBXGroup;
			children = (
				2846751E2CAC6765008FDB0A /* DetailView */,
				CFB4CF4C2C39CF3D00A08415 /* CollectionMainViewController.swift */,
				2846751A2CAC66AA008FDB0A /* CollectionMainInteractor.swift */,
				2846751C2CAC66D2008FDB0A /* CollectionMainPresenter.swift */,
			);
			path = MainViewModel;
			sourceTree = "<group>";
		};
/* End PBXGroup section */

/* Begin PBXNativeTarget section */
		CF84A8092C2CEC42003D69DE /* ControleDeGastos */ = {
			isa = PBXNativeTarget;
			buildConfigurationList = CF84A8372C2CEC43003D69DE /* Build configuration list for PBXNativeTarget "ControleDeGastos" */;
			buildPhases = (
				4F1F7C5534D08BE30DB74800 /* [CP] Check Pods Manifest.lock */,
				CF84A8062C2CEC42003D69DE /* Sources */,
				CF84A8072C2CEC42003D69DE /* Frameworks */,
				CF84A8082C2CEC42003D69DE /* Resources */,
				469D6125A43FF1F908E95ADC /* [CP] Embed Pods Frameworks */,
			);
			buildRules = (
			);
			dependencies = (
			);
			name = ControleDeGastos;
			productName = ControleDeGastos;
			productReference = CF84A80A2C2CEC42003D69DE /* ControleDeGastos.app */;
			productType = "com.apple.product-type.application";
		};
		CF84A8222C2CEC43003D69DE /* ControleDeGastosTests */ = {
			isa = PBXNativeTarget;
			buildConfigurationList = CF84A83A2C2CEC43003D69DE /* Build configuration list for PBXNativeTarget "ControleDeGastosTests" */;
			buildPhases = (
				CF84A81F2C2CEC43003D69DE /* Sources */,
				CF84A8202C2CEC43003D69DE /* Frameworks */,
				CF84A8212C2CEC43003D69DE /* Resources */,
			);
			buildRules = (
			);
			dependencies = (
				CF84A8252C2CEC43003D69DE /* PBXTargetDependency */,
			);
			name = ControleDeGastosTests;
			productName = ControleDeGastosTests;
			productReference = CF84A8232C2CEC43003D69DE /* ControleDeGastosTests.xctest */;
			productType = "com.apple.product-type.bundle.unit-test";
		};
		CF84A82C2C2CEC43003D69DE /* ControleDeGastosUITests */ = {
			isa = PBXNativeTarget;
			buildConfigurationList = CF84A83D2C2CEC43003D69DE /* Build configuration list for PBXNativeTarget "ControleDeGastosUITests" */;
			buildPhases = (
				CF84A8292C2CEC43003D69DE /* Sources */,
				CF84A82A2C2CEC43003D69DE /* Frameworks */,
				CF84A82B2C2CEC43003D69DE /* Resources */,
			);
			buildRules = (
			);
			dependencies = (
				CF84A82F2C2CEC43003D69DE /* PBXTargetDependency */,
			);
			name = ControleDeGastosUITests;
			productName = ControleDeGastosUITests;
			productReference = CF84A82D2C2CEC43003D69DE /* ControleDeGastosUITests.xctest */;
			productType = "com.apple.product-type.bundle.ui-testing";
		};
/* End PBXNativeTarget section */

/* Begin PBXProject section */
		CF84A8022C2CEC42003D69DE /* Project object */ = {
			isa = PBXProject;
			attributes = {
				BuildIndependentTargetsInParallel = 1;
				LastSwiftUpdateCheck = 1430;
				LastUpgradeCheck = 1430;
				TargetAttributes = {
					CF84A8092C2CEC42003D69DE = {
						CreatedOnToolsVersion = 14.3;
					};
					CF84A8222C2CEC43003D69DE = {
						CreatedOnToolsVersion = 14.3;
						TestTargetID = CF84A8092C2CEC42003D69DE;
					};
					CF84A82C2C2CEC43003D69DE = {
						CreatedOnToolsVersion = 14.3;
						TestTargetID = CF84A8092C2CEC42003D69DE;
					};
				};
			};
			buildConfigurationList = CF84A8052C2CEC42003D69DE /* Build configuration list for PBXProject "ControleDeGastos" */;
			compatibilityVersion = "Xcode 14.0";
			developmentRegion = en;
			hasScannedForEncodings = 0;
			knownRegions = (
				en,
				Base,
			);
			mainGroup = CF84A8012C2CEC42003D69DE;
			productRefGroup = CF84A80B2C2CEC42003D69DE /* Products */;
			projectDirPath = "";
			projectRoot = "";
			targets = (
				CF84A8092C2CEC42003D69DE /* ControleDeGastos */,
				CF84A8222C2CEC43003D69DE /* ControleDeGastosTests */,
				CF84A82C2C2CEC43003D69DE /* ControleDeGastosUITests */,
			);
		};
/* End PBXProject section */

/* Begin PBXResourcesBuildPhase section */
		CF84A8082C2CEC42003D69DE /* Resources */ = {
			isa = PBXResourcesBuildPhase;
			buildActionMask = 2147483647;
			files = (
				CF84A81A2C2CEC43003D69DE /* Assets.xcassets in Resources */,
				CF6BE67C2C8A89CC00A96E43 /* GoogleService-Info.plist in Resources */,
			);
			runOnlyForDeploymentPostprocessing = 0;
		};
		CF84A8212C2CEC43003D69DE /* Resources */ = {
			isa = PBXResourcesBuildPhase;
			buildActionMask = 2147483647;
			files = (
			);
			runOnlyForDeploymentPostprocessing = 0;
		};
		CF84A82B2C2CEC43003D69DE /* Resources */ = {
			isa = PBXResourcesBuildPhase;
			buildActionMask = 2147483647;
			files = (
			);
			runOnlyForDeploymentPostprocessing = 0;
		};
/* End PBXResourcesBuildPhase section */

/* Begin PBXShellScriptBuildPhase section */
		469D6125A43FF1F908E95ADC /* [CP] Embed Pods Frameworks */ = {
			isa = PBXShellScriptBuildPhase;
			buildActionMask = 2147483647;
			files = (
			);
			inputFileListPaths = (
				"${PODS_ROOT}/Target Support Files/Pods-ControleDeGastos/Pods-ControleDeGastos-frameworks-${CONFIGURATION}-input-files.xcfilelist",
			);
			name = "[CP] Embed Pods Frameworks";
			outputFileListPaths = (
				"${PODS_ROOT}/Target Support Files/Pods-ControleDeGastos/Pods-ControleDeGastos-frameworks-${CONFIGURATION}-output-files.xcfilelist",
			);
			runOnlyForDeploymentPostprocessing = 0;
			shellPath = /bin/sh;
			shellScript = "\"${PODS_ROOT}/Target Support Files/Pods-ControleDeGastos/Pods-ControleDeGastos-frameworks.sh\"\n";
			showEnvVarsInLog = 0;
		};
		4F1F7C5534D08BE30DB74800 /* [CP] Check Pods Manifest.lock */ = {
			isa = PBXShellScriptBuildPhase;
			buildActionMask = 2147483647;
			files = (
			);
			inputFileListPaths = (
			);
			inputPaths = (
				"${PODS_PODFILE_DIR_PATH}/Podfile.lock",
				"${PODS_ROOT}/Manifest.lock",
			);
			name = "[CP] Check Pods Manifest.lock";
			outputFileListPaths = (
			);
			outputPaths = (
				"$(DERIVED_FILE_DIR)/Pods-ControleDeGastos-checkManifestLockResult.txt",
			);
			runOnlyForDeploymentPostprocessing = 0;
			shellPath = /bin/sh;
			shellScript = "diff \"${PODS_PODFILE_DIR_PATH}/Podfile.lock\" \"${PODS_ROOT}/Manifest.lock\" > /dev/null\nif [ $? != 0 ] ; then\n    # print error to STDERR\n    echo \"error: The sandbox is not in sync with the Podfile.lock. Run 'pod install' or update your CocoaPods installation.\" >&2\n    exit 1\nfi\n# This output is used by Xcode 'outputs' to avoid re-running this script phase.\necho \"SUCCESS\" > \"${SCRIPT_OUTPUT_FILE_0}\"\n";
			showEnvVarsInLog = 0;
		};
/* End PBXShellScriptBuildPhase section */

/* Begin PBXSourcesBuildPhase section */
		CF84A8062C2CEC42003D69DE /* Sources */ = {
			isa = PBXSourcesBuildPhase;
			buildActionMask = 2147483647;
			files = (
				CF62FE1D2C93B60B00F3DEAA /* LoginPresenter.swift in Sources */,
				CF793D5C2C55716800872A61 /* CellCollectionView.swift in Sources */,
				CF84A8182C2CEC42003D69DE /* ControleDeGastos.xcdatamodeld in Sources */,
				CF8D2F3A2C715F76007FDBD1 /* LoginInteractor.swift in Sources */,
				287F24F32CBEF17800440A90 /* DetailViewPresenter.swift in Sources */,
				2846751B2CAC66AA008FDB0A /* CollectionMainInteractor.swift in Sources */,
				CFB4CF4D2C39CF3D00A08415 /* CollectionMainViewController.swift in Sources */,
				CF84A80E2C2CEC42003D69DE /* AppDelegate.swift in Sources */,
				282BB4092CC0404200433DBA /* CoreDataManager.swift in Sources */,
				CF8D8DD32C7BBE740044CE34 /* RegisterViewController.swift in Sources */,
				CF62FE1F2C93B6D100F3DEAA /* RegisterPresenter.swift in Sources */,
				2846751D2CAC66D2008FDB0A /* CollectionMainPresenter.swift in Sources */,
				CF8D8DD52C7BBE850044CE34 /* RegisterInteractor.swift in Sources */,
				CF84A8412C2CED88003D69DE /* LoginViewController.swift in Sources */,
				CF84A8102C2CEC42003D69DE /* SceneDelegate.swift in Sources */,
				CF9825212C70F7AF00783930 /* DetailViewViewController.swift in Sources */,
				287F24F52CBEF19400440A90 /* DetailViewInteractor.swift in Sources */,
			);
			runOnlyForDeploymentPostprocessing = 0;
		};
		CF84A81F2C2CEC43003D69DE /* Sources */ = {
			isa = PBXSourcesBuildPhase;
			buildActionMask = 2147483647;
			files = (
				CF84A8282C2CEC43003D69DE /* ControleDeGastosTests.swift in Sources */,
			);
			runOnlyForDeploymentPostprocessing = 0;
		};
		CF84A8292C2CEC43003D69DE /* Sources */ = {
			isa = PBXSourcesBuildPhase;
			buildActionMask = 2147483647;
			files = (
				CF84A8342C2CEC43003D69DE /* ControleDeGastosUITestsLaunchTests.swift in Sources */,
				CF84A8322C2CEC43003D69DE /* ControleDeGastosUITests.swift in Sources */,
			);
			runOnlyForDeploymentPostprocessing = 0;
		};
/* End PBXSourcesBuildPhase section */

/* Begin PBXTargetDependency section */
		CF84A8252C2CEC43003D69DE /* PBXTargetDependency */ = {
			isa = PBXTargetDependency;
			target = CF84A8092C2CEC42003D69DE /* ControleDeGastos */;
			targetProxy = CF84A8242C2CEC43003D69DE /* PBXContainerItemProxy */;
		};
		CF84A82F2C2CEC43003D69DE /* PBXTargetDependency */ = {
			isa = PBXTargetDependency;
			target = CF84A8092C2CEC42003D69DE /* ControleDeGastos */;
			targetProxy = CF84A82E2C2CEC43003D69DE /* PBXContainerItemProxy */;
		};
/* End PBXTargetDependency section */

/* Begin XCBuildConfiguration section */
		CF84A8352C2CEC43003D69DE /* Debug */ = {
			isa = XCBuildConfiguration;
			buildSettings = {
				ALWAYS_SEARCH_USER_PATHS = NO;
				CLANG_ANALYZER_NONNULL = YES;
				CLANG_ANALYZER_NUMBER_OBJECT_CONVERSION = YES_AGGRESSIVE;
				CLANG_CXX_LANGUAGE_STANDARD = "gnu++20";
				CLANG_ENABLE_MODULES = YES;
				CLANG_ENABLE_OBJC_ARC = YES;
				CLANG_ENABLE_OBJC_WEAK = YES;
				CLANG_WARN_BLOCK_CAPTURE_AUTORELEASING = YES;
				CLANG_WARN_BOOL_CONVERSION = YES;
				CLANG_WARN_COMMA = YES;
				CLANG_WARN_CONSTANT_CONVERSION = YES;
				CLANG_WARN_DEPRECATED_OBJC_IMPLEMENTATIONS = YES;
				CLANG_WARN_DIRECT_OBJC_ISA_USAGE = YES_ERROR;
				CLANG_WARN_DOCUMENTATION_COMMENTS = YES;
				CLANG_WARN_EMPTY_BODY = YES;
				CLANG_WARN_ENUM_CONVERSION = YES;
				CLANG_WARN_INFINITE_RECURSION = YES;
				CLANG_WARN_INT_CONVERSION = YES;
				CLANG_WARN_NON_LITERAL_NULL_CONVERSION = YES;
				CLANG_WARN_OBJC_IMPLICIT_RETAIN_SELF = YES;
				CLANG_WARN_OBJC_LITERAL_CONVERSION = YES;
				CLANG_WARN_OBJC_ROOT_CLASS = YES_ERROR;
				CLANG_WARN_QUOTED_INCLUDE_IN_FRAMEWORK_HEADER = YES;
				CLANG_WARN_RANGE_LOOP_ANALYSIS = YES;
				CLANG_WARN_STRICT_PROTOTYPES = YES;
				CLANG_WARN_SUSPICIOUS_MOVE = YES;
				CLANG_WARN_UNGUARDED_AVAILABILITY = YES_AGGRESSIVE;
				CLANG_WARN_UNREACHABLE_CODE = YES;
				CLANG_WARN__DUPLICATE_METHOD_MATCH = YES;
				COPY_PHASE_STRIP = NO;
				DEBUG_INFORMATION_FORMAT = dwarf;
				ENABLE_STRICT_OBJC_MSGSEND = YES;
				ENABLE_TESTABILITY = YES;
				GCC_C_LANGUAGE_STANDARD = gnu11;
				GCC_DYNAMIC_NO_PIC = NO;
				GCC_NO_COMMON_BLOCKS = YES;
				GCC_OPTIMIZATION_LEVEL = 0;
				GCC_PREPROCESSOR_DEFINITIONS = (
					"DEBUG=1",
					"$(inherited)",
				);
				GCC_WARN_64_TO_32_BIT_CONVERSION = YES;
				GCC_WARN_ABOUT_RETURN_TYPE = YES_ERROR;
				GCC_WARN_UNDECLARED_SELECTOR = YES;
				GCC_WARN_UNINITIALIZED_AUTOS = YES_AGGRESSIVE;
				GCC_WARN_UNUSED_FUNCTION = YES;
				GCC_WARN_UNUSED_VARIABLE = YES;
				IPHONEOS_DEPLOYMENT_TARGET = 16.4;
				MTL_ENABLE_DEBUG_INFO = INCLUDE_SOURCE;
				MTL_FAST_MATH = YES;
				ONLY_ACTIVE_ARCH = YES;
				SDKROOT = iphoneos;
				SWIFT_ACTIVE_COMPILATION_CONDITIONS = DEBUG;
				SWIFT_OPTIMIZATION_LEVEL = "-Onone";
			};
			name = Debug;
		};
		CF84A8362C2CEC43003D69DE /* Release */ = {
			isa = XCBuildConfiguration;
			buildSettings = {
				ALWAYS_SEARCH_USER_PATHS = NO;
				CLANG_ANALYZER_NONNULL = YES;
				CLANG_ANALYZER_NUMBER_OBJECT_CONVERSION = YES_AGGRESSIVE;
				CLANG_CXX_LANGUAGE_STANDARD = "gnu++20";
				CLANG_ENABLE_MODULES = YES;
				CLANG_ENABLE_OBJC_ARC = YES;
				CLANG_ENABLE_OBJC_WEAK = YES;
				CLANG_WARN_BLOCK_CAPTURE_AUTORELEASING = YES;
				CLANG_WARN_BOOL_CONVERSION = YES;
				CLANG_WARN_COMMA = YES;
				CLANG_WARN_CONSTANT_CONVERSION = YES;
				CLANG_WARN_DEPRECATED_OBJC_IMPLEMENTATIONS = YES;
				CLANG_WARN_DIRECT_OBJC_ISA_USAGE = YES_ERROR;
				CLANG_WARN_DOCUMENTATION_COMMENTS = YES;
				CLANG_WARN_EMPTY_BODY = YES;
				CLANG_WARN_ENUM_CONVERSION = YES;
				CLANG_WARN_INFINITE_RECURSION = YES;
				CLANG_WARN_INT_CONVERSION = YES;
				CLANG_WARN_NON_LITERAL_NULL_CONVERSION = YES;
				CLANG_WARN_OBJC_IMPLICIT_RETAIN_SELF = YES;
				CLANG_WARN_OBJC_LITERAL_CONVERSION = YES;
				CLANG_WARN_OBJC_ROOT_CLASS = YES_ERROR;
				CLANG_WARN_QUOTED_INCLUDE_IN_FRAMEWORK_HEADER = YES;
				CLANG_WARN_RANGE_LOOP_ANALYSIS = YES;
				CLANG_WARN_STRICT_PROTOTYPES = YES;
				CLANG_WARN_SUSPICIOUS_MOVE = YES;
				CLANG_WARN_UNGUARDED_AVAILABILITY = YES_AGGRESSIVE;
				CLANG_WARN_UNREACHABLE_CODE = YES;
				CLANG_WARN__DUPLICATE_METHOD_MATCH = YES;
				COPY_PHASE_STRIP = NO;
				DEBUG_INFORMATION_FORMAT = "dwarf-with-dsym";
				ENABLE_NS_ASSERTIONS = NO;
				ENABLE_STRICT_OBJC_MSGSEND = YES;
				GCC_C_LANGUAGE_STANDARD = gnu11;
				GCC_NO_COMMON_BLOCKS = YES;
				GCC_WARN_64_TO_32_BIT_CONVERSION = YES;
				GCC_WARN_ABOUT_RETURN_TYPE = YES_ERROR;
				GCC_WARN_UNDECLARED_SELECTOR = YES;
				GCC_WARN_UNINITIALIZED_AUTOS = YES_AGGRESSIVE;
				GCC_WARN_UNUSED_FUNCTION = YES;
				GCC_WARN_UNUSED_VARIABLE = YES;
				IPHONEOS_DEPLOYMENT_TARGET = 16.4;
				MTL_ENABLE_DEBUG_INFO = NO;
				MTL_FAST_MATH = YES;
				SDKROOT = iphoneos;
				SWIFT_COMPILATION_MODE = wholemodule;
				SWIFT_OPTIMIZATION_LEVEL = "-O";
				VALIDATE_PRODUCT = YES;
			};
			name = Release;
		};
		CF84A8382C2CEC43003D69DE /* Debug */ = {
			isa = XCBuildConfiguration;
			baseConfigurationReference = 72DA408D1E75D7C7A0E4FD14 /* Pods-ControleDeGastos.debug.xcconfig */;
			buildSettings = {
				ASSETCATALOG_COMPILER_APPICON_NAME = AppIcon;
				ASSETCATALOG_COMPILER_GLOBAL_ACCENT_COLOR_NAME = AccentColor;
				CODE_SIGN_STYLE = Automatic;
				CURRENT_PROJECT_VERSION = 1;
				GENERATE_INFOPLIST_FILE = YES;
				INFOPLIST_FILE = ControleDeGastos/Info.plist;
				INFOPLIST_KEY_UIApplicationSupportsIndirectInputEvents = YES;
				INFOPLIST_KEY_UILaunchStoryboardName = LaunchScreen;
				INFOPLIST_KEY_UIStatusBarStyle = "";
				INFOPLIST_KEY_UISupportedInterfaceOrientations_iPad = "UIInterfaceOrientationPortrait UIInterfaceOrientationPortraitUpsideDown UIInterfaceOrientationLandscapeLeft UIInterfaceOrientationLandscapeRight";
				INFOPLIST_KEY_UISupportedInterfaceOrientations_iPhone = "UIInterfaceOrientationPortrait UIInterfaceOrientationLandscapeLeft UIInterfaceOrientationLandscapeRight";
				LD_RUNPATH_SEARCH_PATHS = (
					"$(inherited)",
					"@executable_path/Frameworks",
				);
				MARKETING_VERSION = 1.0;
				PRODUCT_BUNDLE_IDENTIFIER = Domingues.JoaoJose.ControleDeGastos;
				PRODUCT_NAME = "$(TARGET_NAME)";
				SUPPORTED_PLATFORMS = "iphoneos iphonesimulator";
				SUPPORTS_MACCATALYST = NO;
				SUPPORTS_MAC_DESIGNED_FOR_IPHONE_IPAD = NO;
				SUPPORTS_XR_DESIGNED_FOR_IPHONE_IPAD = NO;
				SWIFT_EMIT_LOC_STRINGS = YES;
				SWIFT_VERSION = 5.0;
				TARGETED_DEVICE_FAMILY = "1,2";
			};
			name = Debug;
		};
		CF84A8392C2CEC43003D69DE /* Release */ = {
			isa = XCBuildConfiguration;
			baseConfigurationReference = 29E355D6197D6DBC86346EB4 /* Pods-ControleDeGastos.release.xcconfig */;
			buildSettings = {
				ASSETCATALOG_COMPILER_APPICON_NAME = AppIcon;
				ASSETCATALOG_COMPILER_GLOBAL_ACCENT_COLOR_NAME = AccentColor;
				CODE_SIGN_STYLE = Automatic;
				CURRENT_PROJECT_VERSION = 1;
				GENERATE_INFOPLIST_FILE = YES;
				INFOPLIST_FILE = ControleDeGastos/Info.plist;
				INFOPLIST_KEY_UIApplicationSupportsIndirectInputEvents = YES;
				INFOPLIST_KEY_UILaunchStoryboardName = LaunchScreen;
				INFOPLIST_KEY_UIStatusBarStyle = "";
				INFOPLIST_KEY_UISupportedInterfaceOrientations_iPad = "UIInterfaceOrientationPortrait UIInterfaceOrientationPortraitUpsideDown UIInterfaceOrientationLandscapeLeft UIInterfaceOrientationLandscapeRight";
				INFOPLIST_KEY_UISupportedInterfaceOrientations_iPhone = "UIInterfaceOrientationPortrait UIInterfaceOrientationLandscapeLeft UIInterfaceOrientationLandscapeRight";
				LD_RUNPATH_SEARCH_PATHS = (
					"$(inherited)",
					"@executable_path/Frameworks",
				);
				MARKETING_VERSION = 1.0;
				PRODUCT_BUNDLE_IDENTIFIER = Domingues.JoaoJose.ControleDeGastos;
				PRODUCT_NAME = "$(TARGET_NAME)";
				SUPPORTED_PLATFORMS = "iphoneos iphonesimulator";
				SUPPORTS_MACCATALYST = NO;
				SUPPORTS_MAC_DESIGNED_FOR_IPHONE_IPAD = NO;
				SUPPORTS_XR_DESIGNED_FOR_IPHONE_IPAD = NO;
				SWIFT_EMIT_LOC_STRINGS = YES;
				SWIFT_VERSION = 5.0;
				TARGETED_DEVICE_FAMILY = "1,2";
			};
			name = Release;
		};
		CF84A83B2C2CEC43003D69DE /* Debug */ = {
			isa = XCBuildConfiguration;
			buildSettings = {
				ALWAYS_EMBED_SWIFT_STANDARD_LIBRARIES = YES;
				BUNDLE_LOADER = "$(TEST_HOST)";
				CODE_SIGN_STYLE = Automatic;
				CURRENT_PROJECT_VERSION = 1;
				GENERATE_INFOPLIST_FILE = YES;
				IPHONEOS_DEPLOYMENT_TARGET = 16.4;
				MARKETING_VERSION = 1.0;
				PRODUCT_BUNDLE_IDENTIFIER = Domingues.JoaoJose.ControleDeGastosTests;
				PRODUCT_NAME = "$(TARGET_NAME)";
				SUPPORTED_PLATFORMS = "iphoneos iphonesimulator";
				SUPPORTS_MACCATALYST = NO;
				SUPPORTS_MAC_DESIGNED_FOR_IPHONE_IPAD = NO;
				SUPPORTS_XR_DESIGNED_FOR_IPHONE_IPAD = NO;
				SWIFT_EMIT_LOC_STRINGS = NO;
				SWIFT_VERSION = 5.0;
				TARGETED_DEVICE_FAMILY = "1,2";
				TEST_HOST = "$(BUILT_PRODUCTS_DIR)/ControleDeGastos.app/$(BUNDLE_EXECUTABLE_FOLDER_PATH)/ControleDeGastos";
			};
			name = Debug;
		};
		CF84A83C2C2CEC43003D69DE /* Release */ = {
			isa = XCBuildConfiguration;
			buildSettings = {
				ALWAYS_EMBED_SWIFT_STANDARD_LIBRARIES = YES;
				BUNDLE_LOADER = "$(TEST_HOST)";
				CODE_SIGN_STYLE = Automatic;
				CURRENT_PROJECT_VERSION = 1;
				GENERATE_INFOPLIST_FILE = YES;
				IPHONEOS_DEPLOYMENT_TARGET = 16.4;
				MARKETING_VERSION = 1.0;
				PRODUCT_BUNDLE_IDENTIFIER = Domingues.JoaoJose.ControleDeGastosTests;
				PRODUCT_NAME = "$(TARGET_NAME)";
				SUPPORTED_PLATFORMS = "iphoneos iphonesimulator";
				SUPPORTS_MACCATALYST = NO;
				SUPPORTS_MAC_DESIGNED_FOR_IPHONE_IPAD = NO;
				SUPPORTS_XR_DESIGNED_FOR_IPHONE_IPAD = NO;
				SWIFT_EMIT_LOC_STRINGS = NO;
				SWIFT_VERSION = 5.0;
				TARGETED_DEVICE_FAMILY = "1,2";
				TEST_HOST = "$(BUILT_PRODUCTS_DIR)/ControleDeGastos.app/$(BUNDLE_EXECUTABLE_FOLDER_PATH)/ControleDeGastos";
			};
			name = Release;
		};
		CF84A83E2C2CEC43003D69DE /* Debug */ = {
			isa = XCBuildConfiguration;
			buildSettings = {
				ALWAYS_EMBED_SWIFT_STANDARD_LIBRARIES = YES;
				CODE_SIGN_STYLE = Automatic;
				CURRENT_PROJECT_VERSION = 1;
				GENERATE_INFOPLIST_FILE = YES;
				MARKETING_VERSION = 1.0;
				PRODUCT_BUNDLE_IDENTIFIER = Domingues.JoaoJose.ControleDeGastosUITests;
				PRODUCT_NAME = "$(TARGET_NAME)";
				SUPPORTED_PLATFORMS = "iphoneos iphonesimulator";
				SUPPORTS_MACCATALYST = NO;
				SUPPORTS_MAC_DESIGNED_FOR_IPHONE_IPAD = NO;
				SUPPORTS_XR_DESIGNED_FOR_IPHONE_IPAD = NO;
				SWIFT_EMIT_LOC_STRINGS = NO;
				SWIFT_VERSION = 5.0;
				TARGETED_DEVICE_FAMILY = "1,2";
				TEST_TARGET_NAME = ControleDeGastos;
			};
			name = Debug;
		};
		CF84A83F2C2CEC43003D69DE /* Release */ = {
			isa = XCBuildConfiguration;
			buildSettings = {
				ALWAYS_EMBED_SWIFT_STANDARD_LIBRARIES = YES;
				CODE_SIGN_STYLE = Automatic;
				CURRENT_PROJECT_VERSION = 1;
				GENERATE_INFOPLIST_FILE = YES;
				MARKETING_VERSION = 1.0;
				PRODUCT_BUNDLE_IDENTIFIER = Domingues.JoaoJose.ControleDeGastosUITests;
				PRODUCT_NAME = "$(TARGET_NAME)";
				SUPPORTED_PLATFORMS = "iphoneos iphonesimulator";
				SUPPORTS_MACCATALYST = NO;
				SUPPORTS_MAC_DESIGNED_FOR_IPHONE_IPAD = NO;
				SUPPORTS_XR_DESIGNED_FOR_IPHONE_IPAD = NO;
				SWIFT_EMIT_LOC_STRINGS = NO;
				SWIFT_VERSION = 5.0;
				TARGETED_DEVICE_FAMILY = "1,2";
				TEST_TARGET_NAME = ControleDeGastos;
			};
			name = Release;
		};
/* End XCBuildConfiguration section */

/* Begin XCConfigurationList section */
		CF84A8052C2CEC42003D69DE /* Build configuration list for PBXProject "ControleDeGastos" */ = {
			isa = XCConfigurationList;
			buildConfigurations = (
				CF84A8352C2CEC43003D69DE /* Debug */,
				CF84A8362C2CEC43003D69DE /* Release */,
			);
			defaultConfigurationIsVisible = 0;
			defaultConfigurationName = Release;
		};
		CF84A8372C2CEC43003D69DE /* Build configuration list for PBXNativeTarget "ControleDeGastos" */ = {
			isa = XCConfigurationList;
			buildConfigurations = (
				CF84A8382C2CEC43003D69DE /* Debug */,
				CF84A8392C2CEC43003D69DE /* Release */,
			);
			defaultConfigurationIsVisible = 0;
			defaultConfigurationName = Release;
		};
		CF84A83A2C2CEC43003D69DE /* Build configuration list for PBXNativeTarget "ControleDeGastosTests" */ = {
			isa = XCConfigurationList;
			buildConfigurations = (
				CF84A83B2C2CEC43003D69DE /* Debug */,
				CF84A83C2C2CEC43003D69DE /* Release */,
			);
			defaultConfigurationIsVisible = 0;
			defaultConfigurationName = Release;
		};
		CF84A83D2C2CEC43003D69DE /* Build configuration list for PBXNativeTarget "ControleDeGastosUITests" */ = {
			isa = XCConfigurationList;
			buildConfigurations = (
				CF84A83E2C2CEC43003D69DE /* Debug */,
				CF84A83F2C2CEC43003D69DE /* Release */,
			);
			defaultConfigurationIsVisible = 0;
			defaultConfigurationName = Release;
		};
/* End XCConfigurationList section */

/* Begin XCVersionGroup section */
		CF84A8162C2CEC42003D69DE /* ControleDeGastos.xcdatamodeld */ = {
			isa = XCVersionGroup;
			children = (
				CF84A8172C2CEC42003D69DE /* ControleDeGastos.xcdatamodel */,
			);
			currentVersion = CF84A8172C2CEC42003D69DE /* ControleDeGastos.xcdatamodel */;
			path = ControleDeGastos.xcdatamodeld;
			sourceTree = "<group>";
			versionGroupType = wrapper.xcdatamodel;
		};
/* End XCVersionGroup section */
	};
	rootObject = CF84A8022C2CEC42003D69DE /* Project object */;
}
